
Microsoft Visual Studio Solution File, Format Version 12.00
# Visual Studio Version 16
VisualStudioVersion = 16.0.29102.190
MinimumVisualStudioVersion = 10.0.40219.1
Project("{9A19103F-16F7-4668-BE54-9A1E7A4F7556}") = "DS", "DS\DS.csproj", "{2FFC69B1-BB5A-419E-B0A9-BA6769FCB4DB}"
EndProject
Project("{FAE04EC0-301F-11D3-BF4B-00C04F79EFBC}") = "DS.Tests", "DS.Tests\DS.Tests.csproj", "{14E37A30-3952-450A-8777-2FBD7335D413}"
EndProject
Project("{FAE04EC0-301F-11D3-BF4B-00C04F79EFBC}") = "DS.ConsoleApp", "DS.ConsoleApp\DS.ConsoleApp.csproj", "{B9CD0289-0F1F-444D-BCE6-EFD1F33D91D3}"
EndProject
Global
	GlobalSection(SolutionConfigurationPlatforms) = preSolution
		Debug|Any CPU = Debug|Any CPU
		Release|Any CPU = Release|Any CPU
	EndGlobalSection
	GlobalSection(ProjectConfigurationPlatforms) = postSolution
		{2FFC69B1-BB5A-419E-B0A9-BA6769FCB4DB}.Debug|Any CPU.ActiveCfg = Debug|Any CPU
		{2FFC69B1-BB5A-419E-B0A9-BA6769FCB4DB}.Debug|Any CPU.Build.0 = Debug|Any CPU
		{2FFC69B1-BB5A-419E-B0A9-BA6769FCB4DB}.Release|Any CPU.ActiveCfg = Release|Any CPU
		{2FFC69B1-BB5A-419E-B0A9-BA6769FCB4DB}.Release|Any CPU.Build.0 = Release|Any CPU
		{14E37A30-3952-450A-8777-2FBD7335D413}.Debug|Any CPU.ActiveCfg = Debug|Any CPU
		{14E37A30-3952-450A-8777-2FBD7335D413}.Debug|Any CPU.Build.0 = Debug|Any CPU
		{14E37A30-3952-450A-8777-2FBD7335D413}.Release|Any CPU.ActiveCfg = Release|Any CPU
		{14E37A30-3952-450A-8777-2FBD7335D413}.Release|Any CPU.Build.0 = Release|Any CPU
		{B9CD0289-0F1F-444D-BCE6-EFD1F33D91D3}.Debug|Any CPU.ActiveCfg = Debug|Any CPU
		{B9CD0289-0F1F-444D-BCE6-EFD1F33D91D3}.Debug|Any CPU.Build.0 = Debug|Any CPU
		{B9CD0289-0F1F-444D-BCE6-EFD1F33D91D3}.Release|Any CPU.ActiveCfg = Release|Any CPU
		{B9CD0289-0F1F-444D-BCE6-EFD1F33D91D3}.Release|Any CPU.Build.0 = Release|Any CPU
	EndGlobalSection
	GlobalSection(SolutionProperties) = preSolution
		HideSolutionNode = FALSE
	EndGlobalSection
	GlobalSection(ExtensibilityGlobals) = postSolution
		SolutionGuid = {5565E2D4-BFB6-4AC3-BF7A-ABB34972F032}
	EndGlobalSection
EndGlobal
